
Microsoft Visual Studio Solution File, Format Version 12.00
# Visual Studio Version 16
VisualStudioVersion = 16.0.31025.194
MinimumVisualStudioVersion = 10.0.40219.1
Project("{FAE04EC0-301F-11D3-BF4B-00C04F79EFBC}") = "GameLife", "GameLife\GameLife.csproj", "{06E24503-AC04-41BE-9515-47C737CB312E}"
EndProject
Global
	GlobalSection(SolutionConfigurationPlatforms) = preSolution
		Debug|Any CPU = Debug|Any CPU
		Release|Any CPU = Release|Any CPU
	EndGlobalSection
	GlobalSection(ProjectConfigurationPlatforms) = postSolution
		{06E24503-AC04-41BE-9515-47C737CB312E}.Debug|Any CPU.ActiveCfg = Debug|Any CPU
		{06E24503-AC04-41BE-9515-47C737CB312E}.Debug|Any CPU.Build.0 = Debug|Any CPU
		{06E24503-AC04-41BE-9515-47C737CB312E}.Release|Any CPU.ActiveCfg = Release|Any CPU
		{06E24503-AC04-41BE-9515-47C737CB312E}.Release|Any CPU.Build.0 = Release|Any CPU
	EndGlobalSection
	GlobalSection(SolutionProperties) = preSolution
		HideSolutionNode = FALSE
	EndGlobalSection
	GlobalSection(ExtensibilityGlobals) = postSolution
		SolutionGuid = {41DB0392-8894-4027-A592-D3A99F45FF1F}
	EndGlobalSection
EndGlobal
